
Microsoft Visual Studio Solution File, Format Version 12.00
# Visual Studio 14
VisualStudioVersion = 14.0.25420.1
MinimumVisualStudioVersion = 10.0.40219.1
Project("{FAE04EC0-301F-11D3-BF4B-00C04F79EFBC}") = "WebApplication2", "WebApplication2\WebApplication2.csproj", "{C72140E9-C79E-4422-8838-E5AB2AB2FE65}"
EndProject
Project("{FAE04EC0-301F-11D3-BF4B-00C04F79EFBC}") = "Model", "Model\Model.csproj", "{1547531B-E54D-4BFE-BD15-574D4B69958E}"
EndProject
Project("{FAE04EC0-301F-11D3-BF4B-00C04F79EFBC}") = "DataAccess", "DataAccess\DataAccess.csproj", "{E15C488F-2AB2-4689-A4A1-6303751AF1E1}"
EndProject
Global
	GlobalSection(SolutionConfigurationPlatforms) = preSolution
		Debug|Any CPU = Debug|Any CPU
		Release|Any CPU = Release|Any CPU
	EndGlobalSection
	GlobalSection(ProjectConfigurationPlatforms) = postSolution
		{C72140E9-C79E-4422-8838-E5AB2AB2FE65}.Debug|Any CPU.ActiveCfg = Debug|Any CPU
		{C72140E9-C79E-4422-8838-E5AB2AB2FE65}.Debug|Any CPU.Build.0 = Debug|Any CPU
		{C72140E9-C79E-4422-8838-E5AB2AB2FE65}.Release|Any CPU.ActiveCfg = Release|Any CPU
		{C72140E9-C79E-4422-8838-E5AB2AB2FE65}.Release|Any CPU.Build.0 = Release|Any CPU
		{1547531B-E54D-4BFE-BD15-574D4B69958E}.Debug|Any CPU.ActiveCfg = Debug|Any CPU
		{1547531B-E54D-4BFE-BD15-574D4B69958E}.Debug|Any CPU.Build.0 = Debug|Any CPU
		{1547531B-E54D-4BFE-BD15-574D4B69958E}.Release|Any CPU.ActiveCfg = Release|Any CPU
		{1547531B-E54D-4BFE-BD15-574D4B69958E}.Release|Any CPU.Build.0 = Release|Any CPU
		{E15C488F-2AB2-4689-A4A1-6303751AF1E1}.Debug|Any CPU.ActiveCfg = Debug|Any CPU
		{E15C488F-2AB2-4689-A4A1-6303751AF1E1}.Debug|Any CPU.Build.0 = Debug|Any CPU
		{E15C488F-2AB2-4689-A4A1-6303751AF1E1}.Release|Any CPU.ActiveCfg = Release|Any CPU
		{E15C488F-2AB2-4689-A4A1-6303751AF1E1}.Release|Any CPU.Build.0 = Release|Any CPU
	EndGlobalSection
	GlobalSection(SolutionProperties) = preSolution
		HideSolutionNode = FALSE
	EndGlobalSection
EndGlobal
